{
    "_readme": [
        "This file locks the dependencies of your project to a known state",
        "Read more about it at https://getcomposer.org/doc/01-basic-usage.md#installing-dependencies",
        "This file is @generated automatically"
    ],
    "content-hash": "584948c4163b3d9c94fd9a073800e872",
    "packages": [
        {
            "name": "components/jquery",
            "version": "3.6.0",
            "source": {
                "type": "git",
                "url": "https://github.com/components/jquery.git",
                "reference": "6cf38ee1fd04b6adf8e7dda161283aa35be818c3"
            },
            "dist": {
                "type": "zip",
                "url": "https://api.github.com/repos/components/jquery/zipball/6cf38ee1fd04b6adf8e7dda161283aa35be818c3",
                "reference": "6cf38ee1fd04b6adf8e7dda161283aa35be818c3",
                "shasum": ""
            },
            "type": "component",
            "extra": {
                "component": {
                    "scripts": [
                        "jquery.js"
                    ],
                    "files": [
                        "jquery.min.js",
                        "jquery.min.map",
                        "jquery.slim.js",
                        "jquery.slim.min.js",
                        "jquery.slim.min.map"
                    ]
                }
            },
            "notification-url": "https://packagist.org/downloads/",
            "license": [
                "MIT"
            ],
            "authors": [
                {
                    "name": "JS Foundation and other contributors"
                }
            ],
            "description": "jQuery JavaScript Library",
            "homepage": "http://jquery.com",
            "support": {
                "forum": "http://forum.jquery.com",
                "irc": "irc://irc.freenode.org/jquery",
                "issues": "https://github.com/jquery/jquery/issues",
                "source": "https://github.com/jquery/jquery",
                "wiki": "http://docs.jquery.com/"
            },
            "time": "2021-03-20T19:13:42+00:00"
        },
        {
            "name": "d3js/d3js",
            "version": "7.6.1",
            "source": {
                "type": "git",
                "url": "https://github.com/d3js/d3js",
                "reference": "tags/v7.6.1/"
            },
            "dist": {
                "type": "tar",
                "url": "https://registry.npmjs.org/d3/-/d3-7.6.1.tgz"
            },
            "type": "library"
        },
        {
            "name": "jbdemonte/barcode",
            "version": "2.0.3",
            "source": {
                "type": "git",
                "url": "https://github.com/jbdemonte/barcode",
                "reference": "tags/php-barcode-2.0.3/"
            },
            "dist": {
                "type": "zip",
                "url": "https://github.com/jbdemonte/barcode/releases/download/php-barcode-2.0.3/php-barcode-2.0.3.zip"
            },
            "type": "library"
        }
    ],
    "packages-dev": [],
    "aliases": [],
    "minimum-stability": "stable",
    "stability-flags": [],
    "prefer-stable": false,
    "prefer-lowest": false,
    "platform": {
        "php": ">=5.3.0 || ^7.2 || ^8.0"
    },
    "platform-dev": [],
    "plugin-api-version": "2.3.0"
}
