{
    "_readme": [
        "This file locks the dependencies of your project to a known state",
        "Read more about it at https://getcomposer.org/doc/01-basic-usage.md#installing-dependencies",
        "This file is @generated automatically"
    ],
    "content-hash": "594bf91878cf4915c46d46c55cc83238",
    "packages": [
        {
            "name": "d3js/d3js",
            "version": "7.6.1",
            "source": {
                "type": "git",
                "url": "https://github.com/d3js/d3js",
                "reference": "tags/v7.6.1/"
            },
            "dist": {
                "type": "tar",
                "url": "https://registry.npmjs.org/d3/-/d3-7.6.1.tgz"
            },
            "type": "library"
        },
        {
            "name": "jbdemonte/barcode",
            "version": "2.0.3",
            "source": {
                "type": "git",
                "url": "https://github.com/jbdemonte/barcode",
                "reference": "tags/php-barcode-2.0.3/"
            },
            "dist": {
                "type": "zip",
                "url": "https://github.com/jbdemonte/barcode/releases/download/php-barcode-2.0.3/php-barcode-2.0.3.zip"
            },
            "type": "library"
        },
        {
            "name": "jquery/jquery",
            "version": "3.6.1",
            "dist": {
                "type": "file",
                "url": "https://code.jquery.com/jquery-3.6.1.min.js"
            },
            "type": "jquery"
        },
        {
            "name": "jquery/migrate",
            "version": "3.4.0",
            "dist": {
                "type": "file",
                "url": "https://code.jquery.com/jquery-migrate-3.4.0.min.js"
            },
            "type": "jquery"
        },
        {
            "name": "jquery/migrate-devel",
            "version": "3.4.0",
            "dist": {
                "type": "file",
                "url": "https://code.jquery.com/jquery-migrate-3.4.0.js"
            },
            "type": "jquery"
        }
    ],
    "packages-dev": [],
    "aliases": [],
    "minimum-stability": "stable",
    "stability-flags": [],
    "prefer-stable": false,
    "prefer-lowest": false,
    "platform": {
        "php": ">=5.3.0 || ^7.2 || ^8.0"
    },
    "platform-dev": [],
    "plugin-api-version": "2.3.0"
}
